<?xml version="1.0" encoding="utf-8"?>
<Project ToolsVersion="4.0" xmlns="http://schemas.microsoft.com/developer/msbuild/2003">
  <ItemGroup>
    <Filter Include="Source Files">
      <UniqueIdentifier>{4FC737F1-C7A5-4376-A066-2A32D752A2FF}</UniqueIdentifier>
      <Extensions>cpp;c;cc;cxx;def;odl;idl;hpj;bat;asm;asmx</Extensions>
    </Filter>
    <Filter Include="Header Files">
      <UniqueIdentifier>{93995380-89BD-4b04-88EB-625FBE52EBFB}</UniqueIdentifier>
      <Extensions>h;hh;hpp;hxx;hm;inl;inc;xsd</Extensions>
    </Filter>
    <Filter Include="Resource Files">
      <UniqueIdentifier>{67DA6AB6-F800-4c08-8B7A-83BB121AAD01}</UniqueIdentifier>
      <Extensions>rc;ico;cur;bmp;dlg;rc2;rct;bin;rgs;gif;jpg;jpeg;jpe;resx;tiff;tif;png;wav;mfcribbon-ms</Extensions>
    </Filter>
  </ItemGroup>
  <ItemGroup>
    <ClCompile Include="Source.cpp">
      <Filter>Source Files</Filter>
    </ClCompile>
    <ClCompile Include="SkipList.cpp">
      <Filter>Source Files</Filter>
    </ClCompile>
    <ClCompile Include="reverseLinkedList.cpp">
      <Filter>Source Files</Filter>
    </ClCompile>
    <ClCompile Include="Segregate_even_odd_nodes.cpp">
      <Filter>Source Files</Filter>
    </ClCompile>
    <ClCompile Include="insert_in_middle.cpp">
      <Filter>Source Files</Filter>
    </ClCompile>
    <ClCompile Include="find-n_over_k-node.cpp">
      <Filter>Source Files</Filter>
    </ClCompile>
    <ClCompile Include="modular_node.cpp">
      <Filter>Source Files</Filter>
    </ClCompile>
    <ClCompile Include="sumOfLastN_Nodes.cpp">
      <Filter>Source Files</Filter>
    </ClCompile>
    <ClCompile Include="delete_without_head.cpp">
      <Filter>Source Files</Filter>
    </ClCompile>
    <ClCompile Include="linked_list_matrix.cpp">
      <Filter>Source Files</Filter>
    </ClCompile>
    <ClCompile Include="max_palindrom.cpp">
      <Filter>Source Files</Filter>
    </ClCompile>
    <ClCompile Include="Longest_valid_Parentheses.cpp">
      <Filter>Source Files</Filter>
    </ClCompile>
    <ClCompile Include="Maximum_Rectangular_Area_in_a_Histogram.cpp">
      <Filter>Source Files</Filter>
    </ClCompile>
    <ClCompile Include="MaxRectangle.cpp">
      <Filter>Source Files</Filter>
    </ClCompile>
    <ClCompile Include="Delete array elements which are smaller than next or become smaller.cpp">
      <Filter>Source Files</Filter>
    </ClCompile>
    <ClCompile Include="Longest valid Parentheses.cpp">
      <Filter>Source Files</Filter>
    </ClCompile>
    <ClCompile Include="queue - Maximum of all subarrays of size k.cpp">
      <Filter>Source Files</Filter>
    </ClCompile>
    <ClCompile Include="First non-repeating character in a stream.cpp">
      <Filter>Source Files</Filter>
    </ClCompile>
    <ClCompile Include="queue - Circular tour.cpp">
      <Filter>Source Files</Filter>
    </ClCompile>
    <ClCompile Include="Combination Sum - Part 2- recursion.cpp">
      <Filter>Source Files</Filter>
    </ClCompile>
    <ClCompile Include="Additive sequence - recursion.cpp">
      <Filter>Source Files</Filter>
    </ClCompile>
    <ClCompile Include="bubble-sort - recursion.cpp">
      <Filter>Source Files</Filter>
    </ClCompile>
    <ClCompile Include="binary search tree.cpp">
      <Filter>Source Files</Filter>
    </ClCompile>
    <ClCompile Include="AVL tree.cpp">
      <Filter>Source Files</Filter>
    </ClCompile>
    <ClCompile Include="largest BST.cpp">
      <Filter>Source Files</Filter>
    </ClCompile>
    <ClCompile Include="Fixing Two nodes of a BST.cpp">
      <Filter>Source Files</Filter>
    </ClCompile>
  </ItemGroup>
  <ItemGroup>
    <Text Include="test.txt">
      <Filter>Source Files</Filter>
    </Text>
    <Text Include="histogram.txt">
      <Filter>Source Files</Filter>
    </Text>
  </ItemGroup>
</Project>